{
  "name": "examples",
  "version": "1.0.0",
  "lockfileVersion": 2,
  "requires": true,
  "packages": {
    "": {
      "name": "examples",
      "version": "1.0.0",
      "license": "ISC",
      "dependencies": {
        "@min-module/core": "^1.0.1",
        "@min-module/utils": "^1.0.4"
      }
    },
    "node_modules/@min-module/core": {
      "version": "1.0.4",
      "resolved": "https://registry.npmjs.org/@min-module/core/-/core-1.0.4.tgz",
      "integrity": "sha512-KPfRdt6gCqK2y2PVbzRenqPWj2b/nzgUn8pjV9SYPIs6YN68vYwu2aMiOgcjtrieL8ImMxekJBm/xrbn12IMFw=="
    },
    "node_modules/@min-module/utils": {
      "version": "1.0.4",
      "resolved": "https://registry.npmjs.org/@min-module/utils/-/utils-1.0.4.tgz",
      "integrity": "sha512-FGWEQAI8qaqGqZ72+ta/Jcb7ahfdHzhVKY3/T/F5oIp9WhQU265YSl/IRIk4sDMd2aOnE6tYSJhOvN9CSpqi6g=="
    }
  },
  "dependencies": {
    "@min-module/core": {
      "version": "1.0.4",
      "resolved": "https://registry.npmjs.org/@min-module/core/-/core-1.0.4.tgz",
      "integrity": "sha512-KPfRdt6gCqK2y2PVbzRenqPWj2b/nzgUn8pjV9SYPIs6YN68vYwu2aMiOgcjtrieL8ImMxekJBm/xrbn12IMFw=="
    },
    "@min-module/utils": {
      "version": "1.0.4",
      "resolved": "https://registry.npmjs.org/@min-module/utils/-/utils-1.0.4.tgz",
      "integrity": "sha512-FGWEQAI8qaqGqZ72+ta/Jcb7ahfdHzhVKY3/T/F5oIp9WhQU265YSl/IRIk4sDMd2aOnE6tYSJhOvN9CSpqi6g=="
    }
  }
}
